
Microsoft Visual Studio Solution File, Format Version 12.00
# Visual Studio Version 17
VisualStudioVersion = 17.14.36327.8 d17.14
MinimumVisualStudioVersion = 10.0.40219.1
Project("{FAE04EC0-301F-11D3-BF4B-00C04F79EFBC}") = "JWTOpdracht", "JWTOpdracht.csproj", "{618D97DA-BFCB-4536-8E80-5D6B62723C0D}"
EndProject
Global
	GlobalSection(SolutionConfigurationPlatforms) = preSolution
		Debug|Any CPU = Debug|Any CPU
		Release|Any CPU = Release|Any CPU
	EndGlobalSection
	GlobalSection(ProjectConfigurationPlatforms) = postSolution
		{618D97DA-BFCB-4536-8E80-5D6B62723C0D}.Debug|Any CPU.ActiveCfg = Debug|Any CPU
		{618D97DA-BFCB-4536-8E80-5D6B62723C0D}.Debug|Any CPU.Build.0 = Debug|Any CPU
		{618D97DA-BFCB-4536-8E80-5D6B62723C0D}.Release|Any CPU.ActiveCfg = Release|Any CPU
		{618D97DA-BFCB-4536-8E80-5D6B62723C0D}.Release|Any CPU.Build.0 = Release|Any CPU
	EndGlobalSection
	GlobalSection(SolutionProperties) = preSolution
		HideSolutionNode = FALSE
	EndGlobalSection
	GlobalSection(ExtensibilityGlobals) = postSolution
		SolutionGuid = {FD17EBD2-00F5-4DFA-BD87-B5C065CDC3EC}
	EndGlobalSection
EndGlobal
