
Microsoft Visual Studio Solution File, Format Version 12.00
# Visual Studio Version 17
VisualStudioVersion = 17.14.36327.8 d17.14
MinimumVisualStudioVersion = 10.0.40219.1
Project("{FAE04EC0-301F-11D3-BF4B-00C04F79EFBC}") = "HashingOpdracht", "HashingOpdracht.csproj", "{EBCB7D54-4ADF-41D9-9191-87FED8E14B98}"
EndProject
Global
	GlobalSection(SolutionConfigurationPlatforms) = preSolution
		Debug|Any CPU = Debug|Any CPU
		Release|Any CPU = Release|Any CPU
	EndGlobalSection
	GlobalSection(ProjectConfigurationPlatforms) = postSolution
		{EBCB7D54-4ADF-41D9-9191-87FED8E14B98}.Debug|Any CPU.ActiveCfg = Debug|Any CPU
		{EBCB7D54-4ADF-41D9-9191-87FED8E14B98}.Debug|Any CPU.Build.0 = Debug|Any CPU
		{EBCB7D54-4ADF-41D9-9191-87FED8E14B98}.Release|Any CPU.ActiveCfg = Release|Any CPU
		{EBCB7D54-4ADF-41D9-9191-87FED8E14B98}.Release|Any CPU.Build.0 = Release|Any CPU
	EndGlobalSection
	GlobalSection(SolutionProperties) = preSolution
		HideSolutionNode = FALSE
	EndGlobalSection
	GlobalSection(ExtensibilityGlobals) = postSolution
		SolutionGuid = {41339C66-B159-40F4-B674-5CD73107AD64}
	EndGlobalSection
EndGlobal
